?
Microsoft Visual Studio Solution File, Format Version 12.00
# Visual Studio Version 17
VisualStudioVersion = 17.0.31903.59
MinimumVisualStudioVersion = 10.0.40219.1
Project("{FAE04EC0-301F-11D3-BF4B-00C04F79EFBC}") = "Assetflow.AuthService", "Assetflow.AuthService\Assetflow.AuthService.csproj", "{800E997F-BA7B-437C-BCAA-9B32178FB0E0}"
EndProject
Project("{FAE04EC0-301F-11D3-BF4B-00C04F79EFBC}") = "Assetflow.AssetService", "Assetflow.AssetService\Assetflow.AssetService.csproj", "{00EB44CE-DB7A-451D-83C2-B49A229E53F2}"
EndProject
Project("{FAE04EC0-301F-11D3-BF4B-00C04F79EFBC}") = "Assetflow.CompanyService", "Assetflow.CompanyService\Assetflow.CompanyService.csproj", "{1CAC4C56-4B31-499E-A848-B19D6FE2296B}"
EndProject
Project("{FAE04EC0-301F-11D3-BF4B-00C04F79EFBC}") = "Assetflow.NotificationService", "Assetflow.NotificationService\Assetflow.NotificationService.csproj", "{E3C36A60-EB9D-4D90-A74F-67D9C32DDC76}"
EndProject
Project("{FAE04EC0-301F-11D3-BF4B-00C04F79EFBC}") = "Assetflow.Gateway", "Assetflow.Gateway\Assetflow.Gateway.csproj", "{EF5C50C3-8ECF-4567-850C-60DFE7FD8E9C}"
EndProject
Project("{FAE04EC0-301F-11D3-BF4B-00C04F79EFBC}") = "Assetflow.DiscoveryServer", "Assetflow.DiscoveryServer\Assetflow.DiscoveryServer.csproj", "{B7E7D65C-A3DD-4D3C-96CE-9B9C4D25AA17}"
EndProject
Global
	GlobalSection(SolutionConfigurationPlatforms) = preSolution
		Debug|Any CPU = Debug|Any CPU
		Debug|x64 = Debug|x64
		Debug|x86 = Debug|x86
		Release|Any CPU = Release|Any CPU
		Release|x64 = Release|x64
		Release|x86 = Release|x86
	EndGlobalSection
	GlobalSection(ProjectConfigurationPlatforms) = postSolution
		{800E997F-BA7B-437C-BCAA-9B32178FB0E0}.Debug|Any CPU.ActiveCfg = Debug|Any CPU
		{800E997F-BA7B-437C-BCAA-9B32178FB0E0}.Debug|Any CPU.Build.0 = Debug|Any CPU
		{800E997F-BA7B-437C-BCAA-9B32178FB0E0}.Debug|x64.ActiveCfg = Debug|Any CPU
		{800E997F-BA7B-437C-BCAA-9B32178FB0E0}.Debug|x64.Build.0 = Debug|Any CPU
		{800E997F-BA7B-437C-BCAA-9B32178FB0E0}.Debug|x86.ActiveCfg = Debug|Any CPU
		{800E997F-BA7B-437C-BCAA-9B32178FB0E0}.Debug|x86.Build.0 = Debug|Any CPU
		{800E997F-BA7B-437C-BCAA-9B32178FB0E0}.Release|Any CPU.ActiveCfg = Release|Any CPU
		{800E997F-BA7B-437C-BCAA-9B32178FB0E0}.Release|Any CPU.Build.0 = Release|Any CPU
		{800E997F-BA7B-437C-BCAA-9B32178FB0E0}.Release|x64.ActiveCfg = Release|Any CPU
		{800E997F-BA7B-437C-BCAA-9B32178FB0E0}.Release|x64.Build.0 = Release|Any CPU
		{800E997F-BA7B-437C-BCAA-9B32178FB0E0}.Release|x86.ActiveCfg = Release|Any CPU
		{800E997F-BA7B-437C-BCAA-9B32178FB0E0}.Release|x86.Build.0 = Release|Any CPU
		{00EB44CE-DB7A-451D-83C2-B49A229E53F2}.Debug|Any CPU.ActiveCfg = Debug|Any CPU
		{00EB44CE-DB7A-451D-83C2-B49A229E53F2}.Debug|Any CPU.Build.0 = Debug|Any CPU
		{00EB44CE-DB7A-451D-83C2-B49A229E53F2}.Debug|x64.ActiveCfg = Debug|Any CPU
		{00EB44CE-DB7A-451D-83C2-B49A229E53F2}.Debug|x64.Build.0 = Debug|Any CPU
		{00EB44CE-DB7A-451D-83C2-B49A229E53F2}.Debug|x86.ActiveCfg = Debug|Any CPU
		{00EB44CE-DB7A-451D-83C2-B49A229E53F2}.Debug|x86.Build.0 = Debug|Any CPU
		{00EB44CE-DB7A-451D-83C2-B49A229E53F2}.Release|Any CPU.ActiveCfg = Release|Any CPU
		{00EB44CE-DB7A-451D-83C2-B49A229E53F2}.Release|Any CPU.Build.0 = Release|Any CPU
		{00EB44CE-DB7A-451D-83C2-B49A229E53F2}.Release|x64.ActiveCfg = Release|Any CPU
		{00EB44CE-DB7A-451D-83C2-B49A229E53F2}.Release|x64.Build.0 = Release|Any CPU
		{00EB44CE-DB7A-451D-83C2-B49A229E53F2}.Release|x86.ActiveCfg = Release|Any CPU
		{00EB44CE-DB7A-451D-83C2-B49A229E53F2}.Release|x86.Build.0 = Release|Any CPU
		{1CAC4C56-4B31-499E-A848-B19D6FE2296B}.Debug|Any CPU.ActiveCfg = Debug|Any CPU
		{1CAC4C56-4B31-499E-A848-B19D6FE2296B}.Debug|Any CPU.Build.0 = Debug|Any CPU
		{1CAC4C56-4B31-499E-A848-B19D6FE2296B}.Debug|x64.ActiveCfg = Debug|Any CPU
		{1CAC4C56-4B31-499E-A848-B19D6FE2296B}.Debug|x64.Build.0 = Debug|Any CPU
		{1CAC4C56-4B31-499E-A848-B19D6FE2296B}.Debug|x86.ActiveCfg = Debug|Any CPU
		{1CAC4C56-4B31-499E-A848-B19D6FE2296B}.Debug|x86.Build.0 = Debug|Any CPU
		{1CAC4C56-4B31-499E-A848-B19D6FE2296B}.Release|Any CPU.ActiveCfg = Release|Any CPU
		{1CAC4C56-4B31-499E-A848-B19D6FE2296B}.Release|Any CPU.Build.0 = Release|Any CPU
		{1CAC4C56-4B31-499E-A848-B19D6FE2296B}.Release|x64.ActiveCfg = Release|Any CPU
		{1CAC4C56-4B31-499E-A848-B19D6FE2296B}.Release|x64.Build.0 = Release|Any CPU
		{1CAC4C56-4B31-499E-A848-B19D6FE2296B}.Release|x86.ActiveCfg = Release|Any CPU
		{1CAC4C56-4B31-499E-A848-B19D6FE2296B}.Release|x86.Build.0 = Release|Any CPU
		{E3C36A60-EB9D-4D90-A74F-67D9C32DDC76}.Debug|Any CPU.ActiveCfg = Debug|Any CPU
		{E3C36A60-EB9D-4D90-A74F-67D9C32DDC76}.Debug|Any CPU.Build.0 = Debug|Any CPU
		{E3C36A60-EB9D-4D90-A74F-67D9C32DDC76}.Debug|x64.ActiveCfg = Debug|Any CPU
		{E3C36A60-EB9D-4D90-A74F-67D9C32DDC76}.Debug|x64.Build.0 = Debug|Any CPU
		{E3C36A60-EB9D-4D90-A74F-67D9C32DDC76}.Debug|x86.ActiveCfg = Debug|Any CPU
		{E3C36A60-EB9D-4D90-A74F-67D9C32DDC76}.Debug|x86.Build.0 = Debug|Any CPU
		{E3C36A60-EB9D-4D90-A74F-67D9C32DDC76}.Release|Any CPU.ActiveCfg = Release|Any CPU
		{E3C36A60-EB9D-4D90-A74F-67D9C32DDC76}.Release|Any CPU.Build.0 = Release|Any CPU
		{E3C36A60-EB9D-4D90-A74F-67D9C32DDC76}.Release|x64.ActiveCfg = Release|Any CPU
		{E3C36A60-EB9D-4D90-A74F-67D9C32DDC76}.Release|x64.Build.0 = Release|Any CPU
		{E3C36A60-EB9D-4D90-A74F-67D9C32DDC76}.Release|x86.ActiveCfg = Release|Any CPU
		{E3C36A60-EB9D-4D90-A74F-67D9C32DDC76}.Release|x86.Build.0 = Release|Any CPU
		{EF5C50C3-8ECF-4567-850C-60DFE7FD8E9C}.Debug|Any CPU.ActiveCfg = Debug|Any CPU
		{EF5C50C3-8ECF-4567-850C-60DFE7FD8E9C}.Debug|Any CPU.Build.0 = Debug|Any CPU
		{EF5C50C3-8ECF-4567-850C-60DFE7FD8E9C}.Debug|x64.ActiveCfg = Debug|Any CPU
		{EF5C50C3-8ECF-4567-850C-60DFE7FD8E9C}.Debug|x64.Build.0 = Debug|Any CPU
		{EF5C50C3-8ECF-4567-850C-60DFE7FD8E9C}.Debug|x86.ActiveCfg = Debug|Any CPU
		{EF5C50C3-8ECF-4567-850C-60DFE7FD8E9C}.Debug|x86.Build.0 = Debug|Any CPU
		{EF5C50C3-8ECF-4567-850C-60DFE7FD8E9C}.Release|Any CPU.ActiveCfg = Release|Any CPU
		{EF5C50C3-8ECF-4567-850C-60DFE7FD8E9C}.Release|Any CPU.Build.0 = Release|Any CPU
		{EF5C50C3-8ECF-4567-850C-60DFE7FD8E9C}.Release|x64.ActiveCfg = Release|Any CPU
		{EF5C50C3-8ECF-4567-850C-60DFE7FD8E9C}.Release|x64.Build.0 = Release|Any CPU
		{EF5C50C3-8ECF-4567-850C-60DFE7FD8E9C}.Release|x86.ActiveCfg = Release|Any CPU
		{EF5C50C3-8ECF-4567-850C-60DFE7FD8E9C}.Release|x86.Build.0 = Release|Any CPU
		{B7E7D65C-A3DD-4D3C-96CE-9B9C4D25AA17}.Debug|Any CPU.ActiveCfg = Debug|Any CPU
		{B7E7D65C-A3DD-4D3C-96CE-9B9C4D25AA17}.Debug|Any CPU.Build.0 = Debug|Any CPU
		{B7E7D65C-A3DD-4D3C-96CE-9B9C4D25AA17}.Release|Any CPU.ActiveCfg = Release|Any CPU
		{B7E7D65C-A3DD-4D3C-96CE-9B9C4D25AA17}.Release|Any CPU.Build.0 = Release|Any CPU
	EndGlobalSection
	GlobalSection(SolutionProperties) = preSolution
		HideSolutionNode = FALSE
	EndGlobalSection
EndGlobal
